
Microsoft Visual Studio Solution File, Format Version 12.00
# Visual Studio 14
VisualStudioVersion = 14.0.25420.1
MinimumVisualStudioVersion = 10.0.40219.1
Project("{FAE04EC0-301F-11D3-BF4B-00C04F79EFBC}") = "Host", "Host\Host.csproj", "{DD4DBF66-FE4C-4546-9F75-8817C512C32C}"
EndProject
Project("{FAE04EC0-301F-11D3-BF4B-00C04F79EFBC}") = "Client", "Client\Client.csproj", "{1DC57865-98DD-4467-80DF-9DB40E2476ED}"
	ProjectSection(ProjectDependencies) = postProject
		{051F9F09-CECD-4C4F-A536-500CB3F7D83F} = {051F9F09-CECD-4C4F-A536-500CB3F7D83F}
	EndProjectSection
EndProject
Project("{FAE04EC0-301F-11D3-BF4B-00C04F79EFBC}") = "Lib", "lib\Lib.csproj", "{C20DCED1-4BD3-408F-A70A-FA31E394FE1C}"
	ProjectSection(ProjectDependencies) = postProject
		{051F9F09-CECD-4C4F-A536-500CB3F7D83F} = {051F9F09-CECD-4C4F-A536-500CB3F7D83F}
	EndProjectSection
EndProject
Project("{FAE04EC0-301F-11D3-BF4B-00C04F79EFBC}") = "Utils", "Utils\Utils.csproj", "{051F9F09-CECD-4C4F-A536-500CB3F7D83F}"
EndProject
Global
	GlobalSection(SolutionConfigurationPlatforms) = preSolution
		Debug|Any CPU = Debug|Any CPU
		Debug|ARM = Debug|ARM
		Debug|x64 = Debug|x64
		Debug|x86 = Debug|x86
		Release|Any CPU = Release|Any CPU
		Release|ARM = Release|ARM
		Release|x64 = Release|x64
		Release|x86 = Release|x86
	EndGlobalSection
	GlobalSection(ProjectConfigurationPlatforms) = postSolution
		{DD4DBF66-FE4C-4546-9F75-8817C512C32C}.Debug|Any CPU.ActiveCfg = Debug|Any CPU
		{DD4DBF66-FE4C-4546-9F75-8817C512C32C}.Debug|Any CPU.Build.0 = Debug|Any CPU
		{DD4DBF66-FE4C-4546-9F75-8817C512C32C}.Debug|ARM.ActiveCfg = Debug|Any CPU
		{DD4DBF66-FE4C-4546-9F75-8817C512C32C}.Debug|ARM.Build.0 = Debug|Any CPU
		{DD4DBF66-FE4C-4546-9F75-8817C512C32C}.Debug|x64.ActiveCfg = Debug|Any CPU
		{DD4DBF66-FE4C-4546-9F75-8817C512C32C}.Debug|x64.Build.0 = Debug|Any CPU
		{DD4DBF66-FE4C-4546-9F75-8817C512C32C}.Debug|x86.ActiveCfg = Debug|Any CPU
		{DD4DBF66-FE4C-4546-9F75-8817C512C32C}.Debug|x86.Build.0 = Debug|Any CPU
		{DD4DBF66-FE4C-4546-9F75-8817C512C32C}.Release|Any CPU.ActiveCfg = Release|Any CPU
		{DD4DBF66-FE4C-4546-9F75-8817C512C32C}.Release|Any CPU.Build.0 = Release|Any CPU
		{DD4DBF66-FE4C-4546-9F75-8817C512C32C}.Release|ARM.ActiveCfg = Release|Any CPU
		{DD4DBF66-FE4C-4546-9F75-8817C512C32C}.Release|ARM.Build.0 = Release|Any CPU
		{DD4DBF66-FE4C-4546-9F75-8817C512C32C}.Release|x64.ActiveCfg = Release|Any CPU
		{DD4DBF66-FE4C-4546-9F75-8817C512C32C}.Release|x64.Build.0 = Release|Any CPU
		{DD4DBF66-FE4C-4546-9F75-8817C512C32C}.Release|x86.ActiveCfg = Release|Any CPU
		{DD4DBF66-FE4C-4546-9F75-8817C512C32C}.Release|x86.Build.0 = Release|Any CPU
		{1DC57865-98DD-4467-80DF-9DB40E2476ED}.Debug|Any CPU.ActiveCfg = Debug|Any CPU
		{1DC57865-98DD-4467-80DF-9DB40E2476ED}.Debug|Any CPU.Build.0 = Debug|Any CPU
		{1DC57865-98DD-4467-80DF-9DB40E2476ED}.Debug|ARM.ActiveCfg = Debug|Any CPU
		{1DC57865-98DD-4467-80DF-9DB40E2476ED}.Debug|ARM.Build.0 = Debug|Any CPU
		{1DC57865-98DD-4467-80DF-9DB40E2476ED}.Debug|x64.ActiveCfg = Debug|Any CPU
		{1DC57865-98DD-4467-80DF-9DB40E2476ED}.Debug|x64.Build.0 = Debug|Any CPU
		{1DC57865-98DD-4467-80DF-9DB40E2476ED}.Debug|x86.ActiveCfg = Debug|Any CPU
		{1DC57865-98DD-4467-80DF-9DB40E2476ED}.Debug|x86.Build.0 = Debug|Any CPU
		{1DC57865-98DD-4467-80DF-9DB40E2476ED}.Release|Any CPU.ActiveCfg = Release|Any CPU
		{1DC57865-98DD-4467-80DF-9DB40E2476ED}.Release|Any CPU.Build.0 = Release|Any CPU
		{1DC57865-98DD-4467-80DF-9DB40E2476ED}.Release|ARM.ActiveCfg = Release|Any CPU
		{1DC57865-98DD-4467-80DF-9DB40E2476ED}.Release|ARM.Build.0 = Release|Any CPU
		{1DC57865-98DD-4467-80DF-9DB40E2476ED}.Release|x64.ActiveCfg = Release|Any CPU
		{1DC57865-98DD-4467-80DF-9DB40E2476ED}.Release|x64.Build.0 = Release|Any CPU
		{1DC57865-98DD-4467-80DF-9DB40E2476ED}.Release|x86.ActiveCfg = Release|Any CPU
		{1DC57865-98DD-4467-80DF-9DB40E2476ED}.Release|x86.Build.0 = Release|Any CPU
		{C20DCED1-4BD3-408F-A70A-FA31E394FE1C}.Debug|Any CPU.ActiveCfg = Debug|Any CPU
		{C20DCED1-4BD3-408F-A70A-FA31E394FE1C}.Debug|Any CPU.Build.0 = Debug|Any CPU
		{C20DCED1-4BD3-408F-A70A-FA31E394FE1C}.Debug|ARM.ActiveCfg = Debug|Any CPU
		{C20DCED1-4BD3-408F-A70A-FA31E394FE1C}.Debug|ARM.Build.0 = Debug|Any CPU
		{C20DCED1-4BD3-408F-A70A-FA31E394FE1C}.Debug|x64.ActiveCfg = Debug|Any CPU
		{C20DCED1-4BD3-408F-A70A-FA31E394FE1C}.Debug|x64.Build.0 = Debug|Any CPU
		{C20DCED1-4BD3-408F-A70A-FA31E394FE1C}.Debug|x86.ActiveCfg = Debug|Any CPU
		{C20DCED1-4BD3-408F-A70A-FA31E394FE1C}.Debug|x86.Build.0 = Debug|Any CPU
		{C20DCED1-4BD3-408F-A70A-FA31E394FE1C}.Release|Any CPU.ActiveCfg = Release|Any CPU
		{C20DCED1-4BD3-408F-A70A-FA31E394FE1C}.Release|Any CPU.Build.0 = Release|Any CPU
		{C20DCED1-4BD3-408F-A70A-FA31E394FE1C}.Release|ARM.ActiveCfg = Release|Any CPU
		{C20DCED1-4BD3-408F-A70A-FA31E394FE1C}.Release|ARM.Build.0 = Release|Any CPU
		{C20DCED1-4BD3-408F-A70A-FA31E394FE1C}.Release|x64.ActiveCfg = Release|Any CPU
		{C20DCED1-4BD3-408F-A70A-FA31E394FE1C}.Release|x64.Build.0 = Release|Any CPU
		{C20DCED1-4BD3-408F-A70A-FA31E394FE1C}.Release|x86.ActiveCfg = Release|Any CPU
		{C20DCED1-4BD3-408F-A70A-FA31E394FE1C}.Release|x86.Build.0 = Release|Any CPU
		{051F9F09-CECD-4C4F-A536-500CB3F7D83F}.Debug|Any CPU.ActiveCfg = Debug|Any CPU
		{051F9F09-CECD-4C4F-A536-500CB3F7D83F}.Debug|Any CPU.Build.0 = Debug|Any CPU
		{051F9F09-CECD-4C4F-A536-500CB3F7D83F}.Debug|ARM.ActiveCfg = Debug|Any CPU
		{051F9F09-CECD-4C4F-A536-500CB3F7D83F}.Debug|ARM.Build.0 = Debug|Any CPU
		{051F9F09-CECD-4C4F-A536-500CB3F7D83F}.Debug|x64.ActiveCfg = Debug|Any CPU
		{051F9F09-CECD-4C4F-A536-500CB3F7D83F}.Debug|x64.Build.0 = Debug|Any CPU
		{051F9F09-CECD-4C4F-A536-500CB3F7D83F}.Debug|x86.ActiveCfg = Debug|Any CPU
		{051F9F09-CECD-4C4F-A536-500CB3F7D83F}.Debug|x86.Build.0 = Debug|Any CPU
		{051F9F09-CECD-4C4F-A536-500CB3F7D83F}.Release|Any CPU.ActiveCfg = Release|Any CPU
		{051F9F09-CECD-4C4F-A536-500CB3F7D83F}.Release|Any CPU.Build.0 = Release|Any CPU
		{051F9F09-CECD-4C4F-A536-500CB3F7D83F}.Release|ARM.ActiveCfg = Release|Any CPU
		{051F9F09-CECD-4C4F-A536-500CB3F7D83F}.Release|ARM.Build.0 = Release|Any CPU
		{051F9F09-CECD-4C4F-A536-500CB3F7D83F}.Release|x64.ActiveCfg = Release|Any CPU
		{051F9F09-CECD-4C4F-A536-500CB3F7D83F}.Release|x64.Build.0 = Release|Any CPU
		{051F9F09-CECD-4C4F-A536-500CB3F7D83F}.Release|x86.ActiveCfg = Release|Any CPU
		{051F9F09-CECD-4C4F-A536-500CB3F7D83F}.Release|x86.Build.0 = Release|Any CPU
	EndGlobalSection
	GlobalSection(SolutionProperties) = preSolution
		HideSolutionNode = FALSE
	EndGlobalSection
EndGlobal
