
Microsoft Visual Studio Solution File, Format Version 12.00
# Visual Studio 14
VisualStudioVersion = 14.0.25420.1
MinimumVisualStudioVersion = 10.0.40219.1
Project("{FAE04EC0-301F-11D3-BF4B-00C04F79EFBC}") = "Lib", "Lib\Lib.csproj", "{8083888B-8D5E-4286-B77C-AF34E608FC13}"
EndProject
Project("{FAE04EC0-301F-11D3-BF4B-00C04F79EFBC}") = "Host", "Host\Host.csproj", "{DD4DBF66-FE4C-4546-9F75-8817C512C32C}"
EndProject
Project("{FAE04EC0-301F-11D3-BF4B-00C04F79EFBC}") = "Client", "Client\Client.csproj", "{1DC57865-98DD-4467-80DF-9DB40E2476ED}"
EndProject
Global
	GlobalSection(SolutionConfigurationPlatforms) = preSolution
		Debug|Any CPU = Debug|Any CPU
		Release|Any CPU = Release|Any CPU
	EndGlobalSection
	GlobalSection(ProjectConfigurationPlatforms) = postSolution
		{8083888B-8D5E-4286-B77C-AF34E608FC13}.Debug|Any CPU.ActiveCfg = Debug|Any CPU
		{8083888B-8D5E-4286-B77C-AF34E608FC13}.Debug|Any CPU.Build.0 = Debug|Any CPU
		{8083888B-8D5E-4286-B77C-AF34E608FC13}.Release|Any CPU.ActiveCfg = Release|Any CPU
		{8083888B-8D5E-4286-B77C-AF34E608FC13}.Release|Any CPU.Build.0 = Release|Any CPU
		{DD4DBF66-FE4C-4546-9F75-8817C512C32C}.Debug|Any CPU.ActiveCfg = Debug|Any CPU
		{DD4DBF66-FE4C-4546-9F75-8817C512C32C}.Debug|Any CPU.Build.0 = Debug|Any CPU
		{DD4DBF66-FE4C-4546-9F75-8817C512C32C}.Release|Any CPU.ActiveCfg = Release|Any CPU
		{DD4DBF66-FE4C-4546-9F75-8817C512C32C}.Release|Any CPU.Build.0 = Release|Any CPU
		{1DC57865-98DD-4467-80DF-9DB40E2476ED}.Debug|Any CPU.ActiveCfg = Debug|Any CPU
		{1DC57865-98DD-4467-80DF-9DB40E2476ED}.Debug|Any CPU.Build.0 = Debug|Any CPU
		{1DC57865-98DD-4467-80DF-9DB40E2476ED}.Release|Any CPU.ActiveCfg = Release|Any CPU
		{1DC57865-98DD-4467-80DF-9DB40E2476ED}.Release|Any CPU.Build.0 = Release|Any CPU
	EndGlobalSection
	GlobalSection(SolutionProperties) = preSolution
		HideSolutionNode = FALSE
	EndGlobalSection
EndGlobal
